
Microsoft Visual Studio Solution File, Format Version 12.00
# Visual Studio Version 16
VisualStudioVersion = 16.0.31205.134
MinimumVisualStudioVersion = 10.0.40219.1
Project("{8BC9CEB8-8B4A-11D0-8D11-00A0C91BC942}") = "sas", "sas\sas.vcxproj", "{31E3716F-85F3-4D42-9AAA-3F86198EF7E9}"
EndProject
Global
	GlobalSection(SolutionConfigurationPlatforms) = preSolution
		Debug|x64 = Debug|x64
		Debug|x86 = Debug|x86
		Release|x64 = Release|x64
		Release|x86 = Release|x86
	EndGlobalSection
	GlobalSection(ProjectConfigurationPlatforms) = postSolution
		{31E3716F-85F3-4D42-9AAA-3F86198EF7E9}.Debug|x64.ActiveCfg = Debug|x64
		{31E3716F-85F3-4D42-9AAA-3F86198EF7E9}.Debug|x64.Build.0 = Debug|x64
		{31E3716F-85F3-4D42-9AAA-3F86198EF7E9}.Debug|x86.ActiveCfg = Debug|Win32
		{31E3716F-85F3-4D42-9AAA-3F86198EF7E9}.Debug|x86.Build.0 = Debug|Win32
		{31E3716F-85F3-4D42-9AAA-3F86198EF7E9}.Release|x64.ActiveCfg = Release|x64
		{31E3716F-85F3-4D42-9AAA-3F86198EF7E9}.Release|x64.Build.0 = Release|x64
		{31E3716F-85F3-4D42-9AAA-3F86198EF7E9}.Release|x86.ActiveCfg = Release|Win32
		{31E3716F-85F3-4D42-9AAA-3F86198EF7E9}.Release|x86.Build.0 = Release|Win32
	EndGlobalSection
	GlobalSection(SolutionProperties) = preSolution
		HideSolutionNode = FALSE
	EndGlobalSection
	GlobalSection(ExtensibilityGlobals) = postSolution
		SolutionGuid = {76E97F75-8856-4B5E-AF88-ED40407A01B8}
	EndGlobalSection
EndGlobal
